
Microsoft Visual Studio Solution File, Format Version 12.00
# Visual Studio Version 17
VisualStudioVersion = 17.14.36221.1 d17.14
MinimumVisualStudioVersion = 10.0.40219.1
Project("{FAE04EC0-301F-11D3-BF4B-00C04F79EFBC}") = "Day3", "Day3\Day3.csproj", "{DE2712ED-66EC-464E-AF67-495C1B5BF610}"
EndProject
Global
	GlobalSection(SolutionConfigurationPlatforms) = preSolution
		Debug|Any CPU = Debug|Any CPU
		Release|Any CPU = Release|Any CPU
	EndGlobalSection
	GlobalSection(ProjectConfigurationPlatforms) = postSolution
		{DE2712ED-66EC-464E-AF67-495C1B5BF610}.Debug|Any CPU.ActiveCfg = Debug|Any CPU
		{DE2712ED-66EC-464E-AF67-495C1B5BF610}.Debug|Any CPU.Build.0 = Debug|Any CPU
		{DE2712ED-66EC-464E-AF67-495C1B5BF610}.Release|Any CPU.ActiveCfg = Release|Any CPU
		{DE2712ED-66EC-464E-AF67-495C1B5BF610}.Release|Any CPU.Build.0 = Release|Any CPU
	EndGlobalSection
	GlobalSection(SolutionProperties) = preSolution
		HideSolutionNode = FALSE
	EndGlobalSection
	GlobalSection(ExtensibilityGlobals) = postSolution
		SolutionGuid = {3E588E32-B461-44EC-871B-DA2B0F4E6CC0}
	EndGlobalSection
EndGlobal
